
Microsoft Visual Studio Solution File, Format Version 12.00
# Visual Studio 14
VisualStudioVersion = 14.0.22823.1
MinimumVisualStudioVersion = 10.0.40219.1
Project("{FAE04EC0-301F-11D3-BF4B-00C04F79EFBC}") = "CoinChangeCalculator", "CoinChangeCalculator\CoinChangeCalculator.csproj", "{4B85A562-784D-4BF5-9022-3DF5F1D3676A}"
EndProject
Project("{FAE04EC0-301F-11D3-BF4B-00C04F79EFBC}") = "CoinChangeCalculator.Tests", "CoinChangeCalculator.Tests\CoinChangeCalculator.Tests.csproj", "{F9BC8619-A5ED-4350-B0B1-089F6E26D2A2}"
EndProject
Project("{FAE04EC0-301F-11D3-BF4B-00C04F79EFBC}") = "Lib", "Lib\Lib.csproj", "{87A3050D-2C61-4729-B623-8B304D9F8E3E}"
EndProject
Project("{FAE04EC0-301F-11D3-BF4B-00C04F79EFBC}") = "Lib.Tests", "Lib.Tests\Lib.Tests.csproj", "{52EDA879-3119-4376-82D6-EF3CD29503AE}"
EndProject
Project("{FAE04EC0-301F-11D3-BF4B-00C04F79EFBC}") = "VendingMachine", "VendingMachine\VendingMachine.csproj", "{B6EE4553-11A1-44F6-911E-BB0F69DB8509}"
EndProject
Project("{FAE04EC0-301F-11D3-BF4B-00C04F79EFBC}") = "VendingMachine.Tests", "VendingMachine.Tests\VendingMachine.Tests.csproj", "{40D9C945-10DC-40C2-8AD2-7EE329BD34A1}"
EndProject
Global
	GlobalSection(SolutionConfigurationPlatforms) = preSolution
		Debug|Any CPU = Debug|Any CPU
		Release|Any CPU = Release|Any CPU
	EndGlobalSection
	GlobalSection(ProjectConfigurationPlatforms) = postSolution
		{4B85A562-784D-4BF5-9022-3DF5F1D3676A}.Debug|Any CPU.ActiveCfg = Debug|Any CPU
		{4B85A562-784D-4BF5-9022-3DF5F1D3676A}.Debug|Any CPU.Build.0 = Debug|Any CPU
		{4B85A562-784D-4BF5-9022-3DF5F1D3676A}.Release|Any CPU.ActiveCfg = Release|Any CPU
		{4B85A562-784D-4BF5-9022-3DF5F1D3676A}.Release|Any CPU.Build.0 = Release|Any CPU
		{F9BC8619-A5ED-4350-B0B1-089F6E26D2A2}.Debug|Any CPU.ActiveCfg = Debug|Any CPU
		{F9BC8619-A5ED-4350-B0B1-089F6E26D2A2}.Debug|Any CPU.Build.0 = Debug|Any CPU
		{F9BC8619-A5ED-4350-B0B1-089F6E26D2A2}.Release|Any CPU.ActiveCfg = Release|Any CPU
		{F9BC8619-A5ED-4350-B0B1-089F6E26D2A2}.Release|Any CPU.Build.0 = Release|Any CPU
		{87A3050D-2C61-4729-B623-8B304D9F8E3E}.Debug|Any CPU.ActiveCfg = Debug|Any CPU
		{87A3050D-2C61-4729-B623-8B304D9F8E3E}.Debug|Any CPU.Build.0 = Debug|Any CPU
		{87A3050D-2C61-4729-B623-8B304D9F8E3E}.Release|Any CPU.ActiveCfg = Release|Any CPU
		{87A3050D-2C61-4729-B623-8B304D9F8E3E}.Release|Any CPU.Build.0 = Release|Any CPU
		{52EDA879-3119-4376-82D6-EF3CD29503AE}.Debug|Any CPU.ActiveCfg = Debug|Any CPU
		{52EDA879-3119-4376-82D6-EF3CD29503AE}.Debug|Any CPU.Build.0 = Debug|Any CPU
		{52EDA879-3119-4376-82D6-EF3CD29503AE}.Release|Any CPU.ActiveCfg = Release|Any CPU
		{52EDA879-3119-4376-82D6-EF3CD29503AE}.Release|Any CPU.Build.0 = Release|Any CPU
		{B6EE4553-11A1-44F6-911E-BB0F69DB8509}.Debug|Any CPU.ActiveCfg = Debug|Any CPU
		{B6EE4553-11A1-44F6-911E-BB0F69DB8509}.Debug|Any CPU.Build.0 = Debug|Any CPU
		{B6EE4553-11A1-44F6-911E-BB0F69DB8509}.Release|Any CPU.ActiveCfg = Release|Any CPU
		{B6EE4553-11A1-44F6-911E-BB0F69DB8509}.Release|Any CPU.Build.0 = Release|Any CPU
		{40D9C945-10DC-40C2-8AD2-7EE329BD34A1}.Debug|Any CPU.ActiveCfg = Debug|Any CPU
		{40D9C945-10DC-40C2-8AD2-7EE329BD34A1}.Debug|Any CPU.Build.0 = Debug|Any CPU
		{40D9C945-10DC-40C2-8AD2-7EE329BD34A1}.Release|Any CPU.ActiveCfg = Release|Any CPU
		{40D9C945-10DC-40C2-8AD2-7EE329BD34A1}.Release|Any CPU.Build.0 = Release|Any CPU
	EndGlobalSection
	GlobalSection(SolutionProperties) = preSolution
		HideSolutionNode = FALSE
	EndGlobalSection
EndGlobal
